<?xml version="1.0" encoding="utf-8"?>
<Project ToolsVersion="4.0" xmlns="http://schemas.microsoft.com/developer/msbuild/2003">
  <ItemGroup>
    <Filter Include="Source Files">
      <UniqueIdentifier>{4FC737F1-C7A5-4376-A066-2A32D752A2FF}</UniqueIdentifier>
      <Extensions>cpp;c;cc;cxx;c++;def;odl;idl;hpj;bat;asm;asmx</Extensions>
    </Filter>
    <Filter Include="Header Files">
      <UniqueIdentifier>{93995380-89BD-4b04-88EB-625FBE52EBFB}</UniqueIdentifier>
      <Extensions>h;hh;hpp;hxx;h++;hm;inl;inc;ipp;xsd</Extensions>
    </Filter>
    <Filter Include="Resource Files">
      <UniqueIdentifier>{67DA6AB6-F800-4c08-8B7A-83BB121AAD01}</UniqueIdentifier>
      <Extensions>rc;ico;cur;bmp;dlg;rc2;rct;bin;rgs;gif;jpg;jpeg;jpe;resx;tiff;tif;png;wav;mfcribbon-ms</Extensions>
    </Filter>
    <Filter Include="Header Files\disk_algorithm_header">
      <UniqueIdentifier>{4e20c50b-92d3-49dd-8005-f7944635d1af}</UniqueIdentifier>
    </Filter>
    <Filter Include="Source Files\disk_algorithmCPP">
      <UniqueIdentifier>{83783a9c-1235-4aec-880e-1c8b70d5dad7}</UniqueIdentifier>
    </Filter>
  </ItemGroup>
  <ItemGroup>
    <ClCompile Include="DiskSchedulingProject.cpp">
      <Filter>Source Files</Filter>
    </ClCompile>
    <ClCompile Include="DiskScheduling.cpp">
      <Filter>Source Files</Filter>
    </ClCompile>
    <ClCompile Include="SchedulingAlgorithm.cpp">
      <Filter>Source Files</Filter>
    </ClCompile>
    <ClCompile Include="PrintManager.cpp">
      <Filter>Source Files</Filter>
    </ClCompile>
    <ClCompile Include="Report.cpp">
      <Filter>Source Files</Filter>
    </ClCompile>
    <ClCompile Include="Scan_algorithm.cpp">
      <Filter>Source Files\disk_algorithmCPP</Filter>
    </ClCompile>
    <ClCompile Include="Fcfs_algorithm.cpp">
      <Filter>Source Files\disk_algorithmCPP</Filter>
    </ClCompile>
    <ClCompile Include="SSTF_algorithm.cpp">
      <Filter>Source Files\disk_algorithmCPP</Filter>
    </ClCompile>
    <ClCompile Include="CScan_algorithm.cpp">
      <Filter>Source Files\disk_algorithmCPP</Filter>
    </ClCompile>
  </ItemGroup>
  <ItemGroup>
    <ClInclude Include="DiskScheduling.h">
      <Filter>Header Files</Filter>
    </ClInclude>
    <ClInclude Include="SchedulingAlgorithm.h">
      <Filter>Header Files</Filter>
    </ClInclude>
    <ClInclude Include="Fcfs_algorithm.h">
      <Filter>Header Files\disk_algorithm_header</Filter>
    </ClInclude>
    <ClInclude Include="Scan_algorithm.h">
      <Filter>Header Files\disk_algorithm_header</Filter>
    </ClInclude>
    <ClInclude Include="PrintManager.h">
      <Filter>Header Files</Filter>
    </ClInclude>
    <ClInclude Include="Report.h">
      <Filter>Header Files</Filter>
    </ClInclude>
    <ClInclude Include="SSTF_algorithm.h">
      <Filter>Header Files\disk_algorithm_header</Filter>
    </ClInclude>
    <ClInclude Include="CScan_algorithm.h">
      <Filter>Header Files\disk_algorithm_header</Filter>
    </ClInclude>
  </ItemGroup>
</Project>